// !$*UTF8*$!
{
	archiveVersion = 1;
	classes = {
	};
	objectVersion = 46;
	objects = {

/* Begin PBXBuildFile section */
		4E1584651D4ED7AD00208E3A /* PlayingGameTopicCell.swift in Sources */ = {isa = PBXBuildFile; fileRef = 4E1584641D4ED7AD00208E3A /* PlayingGameTopicCell.swift */; };
		4E22779F1D32D0D100E22436 /* AppDelegate.swift in Sources */ = {isa = PBXBuildFile; fileRef = 4E22779E1D32D0D100E22436 /* AppDelegate.swift */; };
		4E2277A71D32D0D100E22436 /* Scavenge.xcdatamodeld in Sources */ = {isa = PBXBuildFile; fileRef = 4E2277A51D32D0D100E22436 /* Scavenge.xcdatamodeld */; };
		4E2277A91D32D0D100E22436 /* Assets.xcassets in Resources */ = {isa = PBXBuildFile; fileRef = 4E2277A81D32D0D100E22436 /* Assets.xcassets */; };
		4E2277AC1D32D0D100E22436 /* LaunchScreen.storyboard in Resources */ = {isa = PBXBuildFile; fileRef = 4E2277AA1D32D0D100E22436 /* LaunchScreen.storyboard */; };
		4E2277B71D32D0D100E22436 /* ScavengeTests.swift in Sources */ = {isa = PBXBuildFile; fileRef = 4E2277B61D32D0D100E22436 /* ScavengeTests.swift */; };
		4E2277C21D32D0D100E22436 /* ScavengeUITests.swift in Sources */ = {isa = PBXBuildFile; fileRef = 4E2277C11D32D0D100E22436 /* ScavengeUITests.swift */; };
		4E2277D41D32D26100E22436 /* LoginViewController.swift in Sources */ = {isa = PBXBuildFile; fileRef = 4E2277D31D32D26100E22436 /* LoginViewController.swift */; };
		4E2277D71D32D29400E22436 /* Constants.swift in Sources */ = {isa = PBXBuildFile; fileRef = 4E2277D61D32D29400E22436 /* Constants.swift */; };
		4E2277D91D32D30300E22436 /* SButton.swift in Sources */ = {isa = PBXBuildFile; fileRef = 4E2277D81D32D30300E22436 /* SButton.swift */; };
		4E2277DE1D32D80A00E22436 /* Bolts.framework in Frameworks */ = {isa = PBXBuildFile; fileRef = 4E2277DB1D32D80A00E22436 /* Bolts.framework */; };
		4E2277DF1D32D80B00E22436 /* FBSDKCoreKit.framework in Frameworks */ = {isa = PBXBuildFile; fileRef = 4E2277DC1D32D80A00E22436 /* FBSDKCoreKit.framework */; };
		4E2277E01D32D80B00E22436 /* FBSDKLoginKit.framework in Frameworks */ = {isa = PBXBuildFile; fileRef = 4E2277DD1D32D80A00E22436 /* FBSDKLoginKit.framework */; };
		4E2277E71D32E56D00E22436 /* MyScavengesViewController.swift in Sources */ = {isa = PBXBuildFile; fileRef = 4E2277E61D32E56D00E22436 /* MyScavengesViewController.swift */; };
		4E2277E91D32E5DB00E22436 /* SNavigationController.swift in Sources */ = {isa = PBXBuildFile; fileRef = 4E2277E81D32E5DB00E22436 /* SNavigationController.swift */; };
		4E2277EC1D32F41A00E22436 /* MainStoryboard.storyboard in Resources */ = {isa = PBXBuildFile; fileRef = 4E2277EB1D32F41A00E22436 /* MainStoryboard.storyboard */; };
		4E2277F61D33137F00E22436 /* LoginButton.swift in Sources */ = {isa = PBXBuildFile; fileRef = 4E2277F51D33137F00E22436 /* LoginButton.swift */; };
		4E2277F81D33171800E22436 /* SBarButtonItem.swift in Sources */ = {isa = PBXBuildFile; fileRef = 4E2277F71D33171800E22436 /* SBarButtonItem.swift */; };
		4E2277FF1D33290800E22436 /* SBaseTableViewCell.swift in Sources */ = {isa = PBXBuildFile; fileRef = 4E2277FE1D33290800E22436 /* SBaseTableViewCell.swift */; };
		4E2278051D37489000E22436 /* PlayingGameStoryboard.storyboard in Resources */ = {isa = PBXBuildFile; fileRef = 4E2278041D37489000E22436 /* PlayingGameStoryboard.storyboard */; };
		4E2278071D3748B500E22436 /* PlayingGameViewController.swift in Sources */ = {isa = PBXBuildFile; fileRef = 4E2278061D3748B500E22436 /* PlayingGameViewController.swift */; };
		4E22780D1D376FF500E22436 /* SUtilities.swift in Sources */ = {isa = PBXBuildFile; fileRef = 4E22780C1D376FF500E22436 /* SUtilities.swift */; };
		4E2278121D41D4AA00E22436 /* LoginStoryboard.storyboard in Resources */ = {isa = PBXBuildFile; fileRef = 4E2278111D41D4AA00E22436 /* LoginStoryboard.storyboard */; };
		4E2278141D41DE2100E22436 /* ProfileImageView.swift in Sources */ = {isa = PBXBuildFile; fileRef = 4E2278131D41DE2100E22436 /* ProfileImageView.swift */; };
		4E2278161D41E4C500E22436 /* RoundedBorderedView.swift in Sources */ = {isa = PBXBuildFile; fileRef = 4E2278151D41E4C500E22436 /* RoundedBorderedView.swift */; };
		4E2278181D41EB5B00E22436 /* NewGameViewController.swift in Sources */ = {isa = PBXBuildFile; fileRef = 4E2278171D41EB5B00E22436 /* NewGameViewController.swift */; };
		4E22781E1D42030000E22436 /* FriendCell.swift in Sources */ = {isa = PBXBuildFile; fileRef = 4E22781D1D42030000E22436 /* FriendCell.swift */; };
		4E2705391D49DB6900052671 /* ScavengeFriendCell.swift in Sources */ = {isa = PBXBuildFile; fileRef = 4E2705381D49DB6900052671 /* ScavengeFriendCell.swift */; };
		4E27053B1D49DB7600052671 /* FacebookFriendCell.swift in Sources */ = {isa = PBXBuildFile; fileRef = 4E27053A1D49DB7600052671 /* FacebookFriendCell.swift */; };
		4E27053E1D4B3AB200052671 /* ScavengeFriend.swift in Sources */ = {isa = PBXBuildFile; fileRef = 4E27053D1D4B3AB200052671 /* ScavengeFriend.swift */; };
		4E2705401D4B432200052671 /* FacebookFriend.swift in Sources */ = {isa = PBXBuildFile; fileRef = 4E27053F1D4B432200052671 /* FacebookFriend.swift */; };
		4E2705421D4C4FD400052671 /* Friend.swift in Sources */ = {isa = PBXBuildFile; fileRef = 4E2705411D4C4FD400052671 /* Friend.swift */; };
		4E6D98431D56CBF9007DEFAB /* VotingCell.swift in Sources */ = {isa = PBXBuildFile; fileRef = 4E6D98421D56CBF9007DEFAB /* VotingCell.swift */; };
		4E6EA4F51D4E93E00022127B /* CameraOverlayView.xib in Resources */ = {isa = PBXBuildFile; fileRef = 4E6EA4F41D4E93E00022127B /* CameraOverlayView.xib */; };
		4EB9AEB51D56BED400F19BB2 /* VotingViewController.swift in Sources */ = {isa = PBXBuildFile; fileRef = 4EB9AEB41D56BED400F19BB2 /* VotingViewController.swift */; };
/* End PBXBuildFile section */

/* Begin PBXContainerItemProxy section */
		4E2277B31D32D0D100E22436 /* PBXContainerItemProxy */ = {
			isa = PBXContainerItemProxy;
			containerPortal = 4E2277931D32D0D100E22436 /* Project object */;
			proxyType = 1;
			remoteGlobalIDString = 4E22779A1D32D0D100E22436;
			remoteInfo = Scavenge;
		};
		4E2277BE1D32D0D100E22436 /* PBXContainerItemProxy */ = {
			isa = PBXContainerItemProxy;
			containerPortal = 4E2277931D32D0D100E22436 /* Project object */;
			proxyType = 1;
			remoteGlobalIDString = 4E22779A1D32D0D100E22436;
			remoteInfo = Scavenge;
		};
/* End PBXContainerItemProxy section */

/* Begin PBXFileReference section */
		4E1584641D4ED7AD00208E3A /* PlayingGameTopicCell.swift */ = {isa = PBXFileReference; fileEncoding = 4; lastKnownFileType = sourcecode.swift; path = PlayingGameTopicCell.swift; sourceTree = "<group>"; };
		4E22779B1D32D0D100E22436 /* Scavenge.app */ = {isa = PBXFileReference; explicitFileType = wrapper.application; includeInIndex = 0; path = Scavenge.app; sourceTree = BUILT_PRODUCTS_DIR; };
		4E22779E1D32D0D100E22436 /* AppDelegate.swift */ = {isa = PBXFileReference; lastKnownFileType = sourcecode.swift; path = AppDelegate.swift; sourceTree = "<group>"; };
		4E2277A61D32D0D100E22436 /* Scavenge.xcdatamodel */ = {isa = PBXFileReference; lastKnownFileType = wrapper.xcdatamodel; path = Scavenge.xcdatamodel; sourceTree = "<group>"; };
		4E2277A81D32D0D100E22436 /* Assets.xcassets */ = {isa = PBXFileReference; lastKnownFileType = folder.assetcatalog; path = Assets.xcassets; sourceTree = "<group>"; };
		4E2277AB1D32D0D100E22436 /* Base */ = {isa = PBXFileReference; lastKnownFileType = file.storyboard; name = Base; path = Base.lproj/LaunchScreen.storyboard; sourceTree = "<group>"; };
		4E2277AD1D32D0D100E22436 /* Info.plist */ = {isa = PBXFileReference; lastKnownFileType = text.plist.xml; path = Info.plist; sourceTree = "<group>"; };
		4E2277B21D32D0D100E22436 /* ScavengeTests.xctest */ = {isa = PBXFileReference; explicitFileType = wrapper.cfbundle; includeInIndex = 0; path = ScavengeTests.xctest; sourceTree = BUILT_PRODUCTS_DIR; };
		4E2277B61D32D0D100E22436 /* ScavengeTests.swift */ = {isa = PBXFileReference; lastKnownFileType = sourcecode.swift; path = ScavengeTests.swift; sourceTree = "<group>"; };
		4E2277B81D32D0D100E22436 /* Info.plist */ = {isa = PBXFileReference; lastKnownFileType = text.plist.xml; path = Info.plist; sourceTree = "<group>"; };
		4E2277BD1D32D0D100E22436 /* ScavengeUITests.xctest */ = {isa = PBXFileReference; explicitFileType = wrapper.cfbundle; includeInIndex = 0; path = ScavengeUITests.xctest; sourceTree = BUILT_PRODUCTS_DIR; };
		4E2277C11D32D0D100E22436 /* ScavengeUITests.swift */ = {isa = PBXFileReference; lastKnownFileType = sourcecode.swift; path = ScavengeUITests.swift; sourceTree = "<group>"; };
		4E2277C31D32D0D100E22436 /* Info.plist */ = {isa = PBXFileReference; lastKnownFileType = text.plist.xml; path = Info.plist; sourceTree = "<group>"; };
		4E2277D31D32D26100E22436 /* LoginViewController.swift */ = {isa = PBXFileReference; fileEncoding = 4; lastKnownFileType = sourcecode.swift; path = LoginViewController.swift; sourceTree = "<group>"; };
		4E2277D61D32D29400E22436 /* Constants.swift */ = {isa = PBXFileReference; fileEncoding = 4; lastKnownFileType = sourcecode.swift; path = Constants.swift; sourceTree = "<group>"; };
		4E2277D81D32D30300E22436 /* SButton.swift */ = {isa = PBXFileReference; fileEncoding = 4; lastKnownFileType = sourcecode.swift; path = SButton.swift; sourceTree = "<group>"; };
		4E2277DB1D32D80A00E22436 /* Bolts.framework */ = {isa = PBXFileReference; lastKnownFileType = wrapper.framework; path = Bolts.framework; sourceTree = "<group>"; };
		4E2277DC1D32D80A00E22436 /* FBSDKCoreKit.framework */ = {isa = PBXFileReference; lastKnownFileType = wrapper.framework; path = FBSDKCoreKit.framework; sourceTree = "<group>"; };
		4E2277DD1D32D80A00E22436 /* FBSDKLoginKit.framework */ = {isa = PBXFileReference; lastKnownFileType = wrapper.framework; path = FBSDKLoginKit.framework; sourceTree = "<group>"; };
		4E2277E61D32E56D00E22436 /* MyScavengesViewController.swift */ = {isa = PBXFileReference; fileEncoding = 4; lastKnownFileType = sourcecode.swift; path = MyScavengesViewController.swift; sourceTree = "<group>"; };
		4E2277E81D32E5DB00E22436 /* SNavigationController.swift */ = {isa = PBXFileReference; fileEncoding = 4; lastKnownFileType = sourcecode.swift; path = SNavigationController.swift; sourceTree = "<group>"; };
		4E2277EB1D32F41A00E22436 /* MainStoryboard.storyboard */ = {isa = PBXFileReference; fileEncoding = 4; lastKnownFileType = file.storyboard; path = MainStoryboard.storyboard; sourceTree = "<group>"; };
		4E2277F51D33137F00E22436 /* LoginButton.swift */ = {isa = PBXFileReference; fileEncoding = 4; lastKnownFileType = sourcecode.swift; path = LoginButton.swift; sourceTree = "<group>"; };
		4E2277F71D33171800E22436 /* SBarButtonItem.swift */ = {isa = PBXFileReference; fileEncoding = 4; lastKnownFileType = sourcecode.swift; path = SBarButtonItem.swift; sourceTree = "<group>"; };
		4E2277FE1D33290800E22436 /* SBaseTableViewCell.swift */ = {isa = PBXFileReference; fileEncoding = 4; lastKnownFileType = sourcecode.swift; path = SBaseTableViewCell.swift; sourceTree = "<group>"; };
		4E2278041D37489000E22436 /* PlayingGameStoryboard.storyboard */ = {isa = PBXFileReference; fileEncoding = 4; lastKnownFileType = file.storyboard; path = PlayingGameStoryboard.storyboard; sourceTree = "<group>"; };
		4E2278061D3748B500E22436 /* PlayingGameViewController.swift */ = {isa = PBXFileReference; fileEncoding = 4; lastKnownFileType = sourcecode.swift; path = PlayingGameViewController.swift; sourceTree = "<group>"; };
		4E22780C1D376FF500E22436 /* SUtilities.swift */ = {isa = PBXFileReference; fileEncoding = 4; lastKnownFileType = sourcecode.swift; path = SUtilities.swift; sourceTree = "<group>"; };
		4E2278111D41D4AA00E22436 /* LoginStoryboard.storyboard */ = {isa = PBXFileReference; fileEncoding = 4; lastKnownFileType = file.storyboard; path = LoginStoryboard.storyboard; sourceTree = "<group>"; };
		4E2278131D41DE2100E22436 /* ProfileImageView.swift */ = {isa = PBXFileReference; fileEncoding = 4; lastKnownFileType = sourcecode.swift; path = ProfileImageView.swift; sourceTree = "<group>"; };
		4E2278151D41E4C500E22436 /* RoundedBorderedView.swift */ = {isa = PBXFileReference; fileEncoding = 4; lastKnownFileType = sourcecode.swift; path = RoundedBorderedView.swift; sourceTree = "<group>"; };
		4E2278171D41EB5B00E22436 /* NewGameViewController.swift */ = {isa = PBXFileReference; fileEncoding = 4; lastKnownFileType = sourcecode.swift; path = NewGameViewController.swift; sourceTree = "<group>"; };
		4E22781D1D42030000E22436 /* FriendCell.swift */ = {isa = PBXFileReference; fileEncoding = 4; lastKnownFileType = sourcecode.swift; path = FriendCell.swift; sourceTree = "<group>"; };
		4E2705381D49DB6900052671 /* ScavengeFriendCell.swift */ = {isa = PBXFileReference; fileEncoding = 4; lastKnownFileType = sourcecode.swift; path = ScavengeFriendCell.swift; sourceTree = "<group>"; };
		4E27053A1D49DB7600052671 /* FacebookFriendCell.swift */ = {isa = PBXFileReference; fileEncoding = 4; lastKnownFileType = sourcecode.swift; path = FacebookFriendCell.swift; sourceTree = "<group>"; };
		4E27053D1D4B3AB200052671 /* ScavengeFriend.swift */ = {isa = PBXFileReference; fileEncoding = 4; lastKnownFileType = sourcecode.swift; path = ScavengeFriend.swift; sourceTree = "<group>"; };
		4E27053F1D4B432200052671 /* FacebookFriend.swift */ = {isa = PBXFileReference; fileEncoding = 4; lastKnownFileType = sourcecode.swift; path = FacebookFriend.swift; sourceTree = "<group>"; };
		4E2705411D4C4FD400052671 /* Friend.swift */ = {isa = PBXFileReference; fileEncoding = 4; lastKnownFileType = sourcecode.swift; path = Friend.swift; sourceTree = "<group>"; };
		4E6D98421D56CBF9007DEFAB /* VotingCell.swift */ = {isa = PBXFileReference; fileEncoding = 4; lastKnownFileType = sourcecode.swift; path = VotingCell.swift; sourceTree = "<group>"; };
		4E6EA4F41D4E93E00022127B /* CameraOverlayView.xib */ = {isa = PBXFileReference; fileEncoding = 4; lastKnownFileType = file.xib; path = CameraOverlayView.xib; sourceTree = "<group>"; };
		4EB9AEB41D56BED400F19BB2 /* VotingViewController.swift */ = {isa = PBXFileReference; fileEncoding = 4; lastKnownFileType = sourcecode.swift; path = VotingViewController.swift; sourceTree = "<group>"; };
/* End PBXFileReference section */

/* Begin PBXFrameworksBuildPhase section */
		4E2277981D32D0D100E22436 /* Frameworks */ = {
			isa = PBXFrameworksBuildPhase;
			buildActionMask = 2147483647;
			files = (
				4E2277DE1D32D80A00E22436 /* Bolts.framework in Frameworks */,
				4E2277DF1D32D80B00E22436 /* FBSDKCoreKit.framework in Frameworks */,
				4E2277E01D32D80B00E22436 /* FBSDKLoginKit.framework in Frameworks */,
			);
			runOnlyForDeploymentPostprocessing = 0;
		};
		4E2277AF1D32D0D100E22436 /* Frameworks */ = {
			isa = PBXFrameworksBuildPhase;
			buildActionMask = 2147483647;
			files = (
			);
			runOnlyForDeploymentPostprocessing = 0;
		};
		4E2277BA1D32D0D100E22436 /* Frameworks */ = {
			isa = PBXFrameworksBuildPhase;
			buildActionMask = 2147483647;
			files = (
			);
			runOnlyForDeploymentPostprocessing = 0;
		};
/* End PBXFrameworksBuildPhase section */

/* Begin PBXGroup section */
		4E1584631D4ED76E00208E3A /* Playing Game */ = {
			isa = PBXGroup;
			children = (
				4E1584641D4ED7AD00208E3A /* PlayingGameTopicCell.swift */,
				4E6D98421D56CBF9007DEFAB /* VotingCell.swift */,
			);
			name = "Playing Game";
			sourceTree = "<group>";
		};
		4E2277921D32D0D100E22436 = {
			isa = PBXGroup;
			children = (
				4E22779D1D32D0D100E22436 /* Scavenge */,
				4E2277B51D32D0D100E22436 /* ScavengeTests */,
				4E2277C01D32D0D100E22436 /* ScavengeUITests */,
				4E22779C1D32D0D100E22436 /* Products */,
				4E2277DA1D32D7F900E22436 /* Frameworks */,
			);
			sourceTree = "<group>";
		};
		4E22779C1D32D0D100E22436 /* Products */ = {
			isa = PBXGroup;
			children = (
				4E22779B1D32D0D100E22436 /* Scavenge.app */,
				4E2277B21D32D0D100E22436 /* ScavengeTests.xctest */,
				4E2277BD1D32D0D100E22436 /* ScavengeUITests.xctest */,
			);
			name = Products;
			sourceTree = "<group>";
		};
		4E22779D1D32D0D100E22436 /* Scavenge */ = {
			isa = PBXGroup;
			children = (
				4E22779E1D32D0D100E22436 /* AppDelegate.swift */,
				4E2277EA1D32F3EB00E22436 /* Storyboards */,
				4E2277D51D32D28600E22436 /* Util */,
				4E2277CF1D32D1C900E22436 /* Model */,
				4E2277D01D32D1CD00E22436 /* View */,
				4E2277D11D32D1D200E22436 /* Controller */,
				4E2277EE1D33109B00E22436 /* Segues */,
				4E2277ED1D33106000E22436 /* Supporting Files */,
				4E2277D21D32D21D00E22436 /* Resources */,
			);
			path = Scavenge;
			sourceTree = "<group>";
		};
		4E2277B51D32D0D100E22436 /* ScavengeTests */ = {
			isa = PBXGroup;
			children = (
				4E2277B61D32D0D100E22436 /* ScavengeTests.swift */,
				4E2277B81D32D0D100E22436 /* Info.plist */,
			);
			path = ScavengeTests;
			sourceTree = "<group>";
		};
		4E2277C01D32D0D100E22436 /* ScavengeUITests */ = {
			isa = PBXGroup;
			children = (
				4E2277C11D32D0D100E22436 /* ScavengeUITests.swift */,
				4E2277C31D32D0D100E22436 /* Info.plist */,
			);
			path = ScavengeUITests;
			sourceTree = "<group>";
		};
		4E2277CF1D32D1C900E22436 /* Model */ = {
			isa = PBXGroup;
			children = (
				4E27053C1D4B3A9800052671 /* Shared */,
			);
			name = Model;
			sourceTree = "<group>";
		};
		4E2277D01D32D1CD00E22436 /* View */ = {
			isa = PBXGroup;
			children = (
				4E1584631D4ED76E00208E3A /* Playing Game */,
				4E2277F31D33134700E22436 /* Shared */,
				4E2277F41D33136000E22436 /* Login */,
				4E2277F91D331D2300E22436 /* My Scavenges */,
				4E22780E1D388B5300E22436 /* Create Game */,
			);
			name = View;
			sourceTree = "<group>";
		};
		4E2277D11D32D1D200E22436 /* Controller */ = {
			isa = PBXGroup;
			children = (
				4EB9AEB31D56BEAF00F19BB2 /* Shared */,
				4EB9AEB21D56BE9300F19BB2 /* PlayingGame */,
				4E2277D31D32D26100E22436 /* LoginViewController.swift */,
				4E2277E61D32E56D00E22436 /* MyScavengesViewController.swift */,
				4E2278171D41EB5B00E22436 /* NewGameViewController.swift */,
			);
			name = Controller;
			sourceTree = "<group>";
		};
		4E2277D21D32D21D00E22436 /* Resources */ = {
			isa = PBXGroup;
			children = (
				4E2277A51D32D0D100E22436 /* Scavenge.xcdatamodeld */,
				4E2277A81D32D0D100E22436 /* Assets.xcassets */,
			);
			name = Resources;
			sourceTree = "<group>";
		};
		4E2277D51D32D28600E22436 /* Util */ = {
			isa = PBXGroup;
			children = (
				4E2277D61D32D29400E22436 /* Constants.swift */,
				4E22780C1D376FF500E22436 /* SUtilities.swift */,
			);
			name = Util;
			sourceTree = "<group>";
		};
		4E2277DA1D32D7F900E22436 /* Frameworks */ = {
			isa = PBXGroup;
			children = (
				4E2277DB1D32D80A00E22436 /* Bolts.framework */,
				4E2277DC1D32D80A00E22436 /* FBSDKCoreKit.framework */,
				4E2277DD1D32D80A00E22436 /* FBSDKLoginKit.framework */,
			);
			name = Frameworks;
			sourceTree = "<group>";
		};
		4E2277EA1D32F3EB00E22436 /* Storyboards */ = {
			isa = PBXGroup;
			children = (
				4E2277AA1D32D0D100E22436 /* LaunchScreen.storyboard */,
				4E2277EB1D32F41A00E22436 /* MainStoryboard.storyboard */,
				4E2278041D37489000E22436 /* PlayingGameStoryboard.storyboard */,
				4E2278111D41D4AA00E22436 /* LoginStoryboard.storyboard */,
				4E6EA4F41D4E93E00022127B /* CameraOverlayView.xib */,
			);
			name = Storyboards;
			sourceTree = "<group>";
		};
		4E2277ED1D33106000E22436 /* Supporting Files */ = {
			isa = PBXGroup;
			children = (
				4E2277AD1D32D0D100E22436 /* Info.plist */,
			);
			name = "Supporting Files";
			sourceTree = "<group>";
		};
		4E2277EE1D33109B00E22436 /* Segues */ = {
			isa = PBXGroup;
			children = (
			);
			name = Segues;
			sourceTree = "<group>";
		};
		4E2277F31D33134700E22436 /* Shared */ = {
			isa = PBXGroup;
			children = (
				4E2277D81D32D30300E22436 /* SButton.swift */,
				4E2277F71D33171800E22436 /* SBarButtonItem.swift */,
				4E2277FE1D33290800E22436 /* SBaseTableViewCell.swift */,
				4E2278131D41DE2100E22436 /* ProfileImageView.swift */,
			);
			name = Shared;
			sourceTree = "<group>";
		};
		4E2277F41D33136000E22436 /* Login */ = {
			isa = PBXGroup;
			children = (
				4E2277F51D33137F00E22436 /* LoginButton.swift */,
			);
			name = Login;
			sourceTree = "<group>";
		};
		4E2277F91D331D2300E22436 /* My Scavenges */ = {
			isa = PBXGroup;
			children = (
			);
			name = "My Scavenges";
			sourceTree = "<group>";
		};
		4E22780E1D388B5300E22436 /* Create Game */ = {
			isa = PBXGroup;
			children = (
				4E2278151D41E4C500E22436 /* RoundedBorderedView.swift */,
				4E22781D1D42030000E22436 /* FriendCell.swift */,
				4E2705381D49DB6900052671 /* ScavengeFriendCell.swift */,
				4E27053A1D49DB7600052671 /* FacebookFriendCell.swift */,
			);
			name = "Create Game";
			sourceTree = "<group>";
		};
		4E27053C1D4B3A9800052671 /* Shared */ = {
			isa = PBXGroup;
			children = (
				4E27053D1D4B3AB200052671 /* ScavengeFriend.swift */,
				4E27053F1D4B432200052671 /* FacebookFriend.swift */,
				4E2705411D4C4FD400052671 /* Friend.swift */,
			);
			name = Shared;
			sourceTree = "<group>";
		};
		4EB9AEB21D56BE9300F19BB2 /* PlayingGame */ = {
			isa = PBXGroup;
			children = (
				4E2278061D3748B500E22436 /* PlayingGameViewController.swift */,
				4EB9AEB41D56BED400F19BB2 /* VotingViewController.swift */,
			);
			name = PlayingGame;
			sourceTree = "<group>";
		};
		4EB9AEB31D56BEAF00F19BB2 /* Shared */ = {
			isa = PBXGroup;
			children = (
				4E2277E81D32E5DB00E22436 /* SNavigationController.swift */,
			);
			name = Shared;
			sourceTree = "<group>";
		};
/* End PBXGroup section */

/* Begin PBXNativeTarget section */
		4E22779A1D32D0D100E22436 /* Scavenge */ = {
			isa = PBXNativeTarget;
			buildConfigurationList = 4E2277C61D32D0D100E22436 /* Build configuration list for PBXNativeTarget "Scavenge" */;
			buildPhases = (
				4E2277971D32D0D100E22436 /* Sources */,
				4E2277981D32D0D100E22436 /* Frameworks */,
				4E2277991D32D0D100E22436 /* Resources */,
			);
			buildRules = (
			);
			dependencies = (
			);
			name = Scavenge;
			productName = Scavenge;
			productReference = 4E22779B1D32D0D100E22436 /* Scavenge.app */;
			productType = "com.apple.product-type.application";
		};
		4E2277B11D32D0D100E22436 /* ScavengeTests */ = {
			isa = PBXNativeTarget;
			buildConfigurationList = 4E2277C91D32D0D100E22436 /* Build configuration list for PBXNativeTarget "ScavengeTests" */;
			buildPhases = (
				4E2277AE1D32D0D100E22436 /* Sources */,
				4E2277AF1D32D0D100E22436 /* Frameworks */,
				4E2277B01D32D0D100E22436 /* Resources */,
			);
			buildRules = (
			);
			dependencies = (
				4E2277B41D32D0D100E22436 /* PBXTargetDependency */,
			);
			name = ScavengeTests;
			productName = ScavengeTests;
			productReference = 4E2277B21D32D0D100E22436 /* ScavengeTests.xctest */;
			productType = "com.apple.product-type.bundle.unit-test";
		};
		4E2277BC1D32D0D100E22436 /* ScavengeUITests */ = {
			isa = PBXNativeTarget;
			buildConfigurationList = 4E2277CC1D32D0D100E22436 /* Build configuration list for PBXNativeTarget "ScavengeUITests" */;
			buildPhases = (
				4E2277B91D32D0D100E22436 /* Sources */,
				4E2277BA1D32D0D100E22436 /* Frameworks */,
				4E2277BB1D32D0D100E22436 /* Resources */,
			);
			buildRules = (
			);
			dependencies = (
				4E2277BF1D32D0D100E22436 /* PBXTargetDependency */,
			);
			name = ScavengeUITests;
			productName = ScavengeUITests;
			productReference = 4E2277BD1D32D0D100E22436 /* ScavengeUITests.xctest */;
			productType = "com.apple.product-type.bundle.ui-testing";
		};
/* End PBXNativeTarget section */

/* Begin PBXProject section */
		4E2277931D32D0D100E22436 /* Project object */ = {
			isa = PBXProject;
			attributes = {
				LastSwiftUpdateCheck = 0730;
				LastUpgradeCheck = 0730;
				ORGANIZATIONNAME = "Kim Seltzer";
				TargetAttributes = {
					4E22779A1D32D0D100E22436 = {
						CreatedOnToolsVersion = 7.3.1;
						DevelopmentTeam = 83NM8QSVHT;
					};
					4E2277B11D32D0D100E22436 = {
						CreatedOnToolsVersion = 7.3.1;
						TestTargetID = 4E22779A1D32D0D100E22436;
					};
					4E2277BC1D32D0D100E22436 = {
						CreatedOnToolsVersion = 7.3.1;
						TestTargetID = 4E22779A1D32D0D100E22436;
					};
				};
			};
			buildConfigurationList = 4E2277961D32D0D100E22436 /* Build configuration list for PBXProject "Scavenge" */;
			compatibilityVersion = "Xcode 3.2";
			developmentRegion = English;
			hasScannedForEncodings = 0;
			knownRegions = (
				en,
				Base,
			);
			mainGroup = 4E2277921D32D0D100E22436;
			productRefGroup = 4E22779C1D32D0D100E22436 /* Products */;
			projectDirPath = "";
			projectRoot = "";
			targets = (
				4E22779A1D32D0D100E22436 /* Scavenge */,
				4E2277B11D32D0D100E22436 /* ScavengeTests */,
				4E2277BC1D32D0D100E22436 /* ScavengeUITests */,
			);
		};
/* End PBXProject section */

/* Begin PBXResourcesBuildPhase section */
		4E2277991D32D0D100E22436 /* Resources */ = {
			isa = PBXResourcesBuildPhase;
			buildActionMask = 2147483647;
			files = (
				4E2277AC1D32D0D100E22436 /* LaunchScreen.storyboard in Resources */,
				4E2278051D37489000E22436 /* PlayingGameStoryboard.storyboard in Resources */,
				4E2277A91D32D0D100E22436 /* Assets.xcassets in Resources */,
				4E2277EC1D32F41A00E22436 /* MainStoryboard.storyboard in Resources */,
				4E6EA4F51D4E93E00022127B /* CameraOverlayView.xib in Resources */,
				4E2278121D41D4AA00E22436 /* LoginStoryboard.storyboard in Resources */,
			);
			runOnlyForDeploymentPostprocessing = 0;
		};
		4E2277B01D32D0D100E22436 /* Resources */ = {
			isa = PBXResourcesBuildPhase;
			buildActionMask = 2147483647;
			files = (
			);
			runOnlyForDeploymentPostprocessing = 0;
		};
		4E2277BB1D32D0D100E22436 /* Resources */ = {
			isa = PBXResourcesBuildPhase;
			buildActionMask = 2147483647;
			files = (
			);
			runOnlyForDeploymentPostprocessing = 0;
		};
/* End PBXResourcesBuildPhase section */

/* Begin PBXSourcesBuildPhase section */
		4E2277971D32D0D100E22436 /* Sources */ = {
			isa = PBXSourcesBuildPhase;
			buildActionMask = 2147483647;
			files = (
				4E2278141D41DE2100E22436 /* ProfileImageView.swift in Sources */,
				4E2705401D4B432200052671 /* FacebookFriend.swift in Sources */,
				4E27053E1D4B3AB200052671 /* ScavengeFriend.swift in Sources */,
				4E2278161D41E4C500E22436 /* RoundedBorderedView.swift in Sources */,
				4E2277FF1D33290800E22436 /* SBaseTableViewCell.swift in Sources */,
				4E2277E71D32E56D00E22436 /* MyScavengesViewController.swift in Sources */,
				4E2277F61D33137F00E22436 /* LoginButton.swift in Sources */,
				4E2705391D49DB6900052671 /* ScavengeFriendCell.swift in Sources */,
				4E2277D41D32D26100E22436 /* LoginViewController.swift in Sources */,
				4EB9AEB51D56BED400F19BB2 /* VotingViewController.swift in Sources */,
				4E6D98431D56CBF9007DEFAB /* VotingCell.swift in Sources */,
				4E1584651D4ED7AD00208E3A /* PlayingGameTopicCell.swift in Sources */,
				4E22780D1D376FF500E22436 /* SUtilities.swift in Sources */,
				4E2277D91D32D30300E22436 /* SButton.swift in Sources */,
				4E2278181D41EB5B00E22436 /* NewGameViewController.swift in Sources */,
				4E2277A71D32D0D100E22436 /* Scavenge.xcdatamodeld in Sources */,
				4E27053B1D49DB7600052671 /* FacebookFriendCell.swift in Sources */,
				4E2277E91D32E5DB00E22436 /* SNavigationController.swift in Sources */,
				4E2278071D3748B500E22436 /* PlayingGameViewController.swift in Sources */,
				4E2277F81D33171800E22436 /* SBarButtonItem.swift in Sources */,
				4E2705421D4C4FD400052671 /* Friend.swift in Sources */,
				4E22779F1D32D0D100E22436 /* AppDelegate.swift in Sources */,
				4E2277D71D32D29400E22436 /* Constants.swift in Sources */,
				4E22781E1D42030000E22436 /* FriendCell.swift in Sources */,
			);
			runOnlyForDeploymentPostprocessing = 0;
		};
		4E2277AE1D32D0D100E22436 /* Sources */ = {
			isa = PBXSourcesBuildPhase;
			buildActionMask = 2147483647;
			files = (
				4E2277B71D32D0D100E22436 /* ScavengeTests.swift in Sources */,
			);
			runOnlyForDeploymentPostprocessing = 0;
		};
		4E2277B91D32D0D100E22436 /* Sources */ = {
			isa = PBXSourcesBuildPhase;
			buildActionMask = 2147483647;
			files = (
				4E2277C21D32D0D100E22436 /* ScavengeUITests.swift in Sources */,
			);
			runOnlyForDeploymentPostprocessing = 0;
		};
/* End PBXSourcesBuildPhase section */

/* Begin PBXTargetDependency section */
		4E2277B41D32D0D100E22436 /* PBXTargetDependency */ = {
			isa = PBXTargetDependency;
			target = 4E22779A1D32D0D100E22436 /* Scavenge */;
			targetProxy = 4E2277B31D32D0D100E22436 /* PBXContainerItemProxy */;
		};
		4E2277BF1D32D0D100E22436 /* PBXTargetDependency */ = {
			isa = PBXTargetDependency;
			target = 4E22779A1D32D0D100E22436 /* Scavenge */;
			targetProxy = 4E2277BE1D32D0D100E22436 /* PBXContainerItemProxy */;
		};
/* End PBXTargetDependency section */

/* Begin PBXVariantGroup section */
		4E2277AA1D32D0D100E22436 /* LaunchScreen.storyboard */ = {
			isa = PBXVariantGroup;
			children = (
				4E2277AB1D32D0D100E22436 /* Base */,
			);
			name = LaunchScreen.storyboard;
			sourceTree = "<group>";
		};
/* End PBXVariantGroup section */

/* Begin XCBuildConfiguration section */
		4E2277C41D32D0D100E22436 /* Debug */ = {
			isa = XCBuildConfiguration;
			buildSettings = {
				ALWAYS_SEARCH_USER_PATHS = NO;
				CLANG_ANALYZER_NONNULL = YES;
				CLANG_CXX_LANGUAGE_STANDARD = "gnu++0x";
				CLANG_CXX_LIBRARY = "libc++";
				CLANG_ENABLE_MODULES = YES;
				CLANG_ENABLE_OBJC_ARC = YES;
				CLANG_WARN_BOOL_CONVERSION = YES;
				CLANG_WARN_CONSTANT_CONVERSION = YES;
				CLANG_WARN_DIRECT_OBJC_ISA_USAGE = YES_ERROR;
				CLANG_WARN_EMPTY_BODY = YES;
				CLANG_WARN_ENUM_CONVERSION = YES;
				CLANG_WARN_INT_CONVERSION = YES;
				CLANG_WARN_OBJC_ROOT_CLASS = YES_ERROR;
				CLANG_WARN_UNREACHABLE_CODE = YES;
				CLANG_WARN__DUPLICATE_METHOD_MATCH = YES;
				"CODE_SIGN_IDENTITY[sdk=iphoneos*]" = "iPhone Developer";
				COPY_PHASE_STRIP = NO;
				DEBUG_INFORMATION_FORMAT = dwarf;
				ENABLE_STRICT_OBJC_MSGSEND = YES;
				ENABLE_TESTABILITY = YES;
				GCC_C_LANGUAGE_STANDARD = gnu99;
				GCC_DYNAMIC_NO_PIC = NO;
				GCC_NO_COMMON_BLOCKS = YES;
				GCC_OPTIMIZATION_LEVEL = 0;
				GCC_PREPROCESSOR_DEFINITIONS = (
					"DEBUG=1",
					"$(inherited)",
				);
				GCC_WARN_64_TO_32_BIT_CONVERSION = YES;
				GCC_WARN_ABOUT_RETURN_TYPE = YES_ERROR;
				GCC_WARN_UNDECLARED_SELECTOR = YES;
				GCC_WARN_UNINITIALIZED_AUTOS = YES_AGGRESSIVE;
				GCC_WARN_UNUSED_FUNCTION = YES;
				GCC_WARN_UNUSED_VARIABLE = YES;
				IPHONEOS_DEPLOYMENT_TARGET = 9.3;
				MTL_ENABLE_DEBUG_INFO = YES;
				ONLY_ACTIVE_ARCH = YES;
				SDKROOT = iphoneos;
				SWIFT_OPTIMIZATION_LEVEL = "-Onone";
				TARGETED_DEVICE_FAMILY = "1,2";
			};
			name = Debug;
		};
		4E2277C51D32D0D100E22436 /* Release */ = {
			isa = XCBuildConfiguration;
			buildSettings = {
				ALWAYS_SEARCH_USER_PATHS = NO;
				CLANG_ANALYZER_NONNULL = YES;
				CLANG_CXX_LANGUAGE_STANDARD = "gnu++0x";
				CLANG_CXX_LIBRARY = "libc++";
				CLANG_ENABLE_MODULES = YES;
				CLANG_ENABLE_OBJC_ARC = YES;
				CLANG_WARN_BOOL_CONVERSION = YES;
				CLANG_WARN_CONSTANT_CONVERSION = YES;
				CLANG_WARN_DIRECT_OBJC_ISA_USAGE = YES_ERROR;
				CLANG_WARN_EMPTY_BODY = YES;
				CLANG_WARN_ENUM_CONVERSION = YES;
				CLANG_WARN_INT_CONVERSION = YES;
				CLANG_WARN_OBJC_ROOT_CLASS = YES_ERROR;
				CLANG_WARN_UNREACHABLE_CODE = YES;
				CLANG_WARN__DUPLICATE_METHOD_MATCH = YES;
				"CODE_SIGN_IDENTITY[sdk=iphoneos*]" = "iPhone Developer";
				COPY_PHASE_STRIP = NO;
				DEBUG_INFORMATION_FORMAT = "dwarf-with-dsym";
				ENABLE_NS_ASSERTIONS = NO;
				ENABLE_STRICT_OBJC_MSGSEND = YES;
				GCC_C_LANGUAGE_STANDARD = gnu99;
				GCC_NO_COMMON_BLOCKS = YES;
				GCC_WARN_64_TO_32_BIT_CONVERSION = YES;
				GCC_WARN_ABOUT_RETURN_TYPE = YES_ERROR;
				GCC_WARN_UNDECLARED_SELECTOR = YES;
				GCC_WARN_UNINITIALIZED_AUTOS = YES_AGGRESSIVE;
				GCC_WARN_UNUSED_FUNCTION = YES;
				GCC_WARN_UNUSED_VARIABLE = YES;
				IPHONEOS_DEPLOYMENT_TARGET = 9.3;
				MTL_ENABLE_DEBUG_INFO = NO;
				SDKROOT = iphoneos;
				TARGETED_DEVICE_FAMILY = "1,2";
				VALIDATE_PRODUCT = YES;
			};
			name = Release;
		};
		4E2277C71D32D0D100E22436 /* Debug */ = {
			isa = XCBuildConfiguration;
			buildSettings = {
				ASSETCATALOG_COMPILER_APPICON_NAME = AppIcon;
				CODE_SIGN_IDENTITY = "iPhone Developer";
				FRAMEWORK_SEARCH_PATHS = (
					"$(inherited)",
					"$(PROJECT_DIR)",
				);
				INFOPLIST_FILE = Scavenge/Info.plist;
				LD_RUNPATH_SEARCH_PATHS = "$(inherited) @executable_path/Frameworks";
				PRODUCT_BUNDLE_IDENTIFIER = com.scavengeapp.Scavenge;
				PRODUCT_NAME = "$(TARGET_NAME)";
			};
			name = Debug;
		};
		4E2277C81D32D0D100E22436 /* Release */ = {
			isa = XCBuildConfiguration;
			buildSettings = {
				ASSETCATALOG_COMPILER_APPICON_NAME = AppIcon;
				CODE_SIGN_IDENTITY = "iPhone Developer";
				FRAMEWORK_SEARCH_PATHS = (
					"$(inherited)",
					"$(PROJECT_DIR)",
				);
				INFOPLIST_FILE = Scavenge/Info.plist;
				LD_RUNPATH_SEARCH_PATHS = "$(inherited) @executable_path/Frameworks";
				PRODUCT_BUNDLE_IDENTIFIER = com.scavengeapp.Scavenge;
				PRODUCT_NAME = "$(TARGET_NAME)";
			};
			name = Release;
		};
		4E2277CA1D32D0D100E22436 /* Debug */ = {
			isa = XCBuildConfiguration;
			buildSettings = {
				BUNDLE_LOADER = "$(TEST_HOST)";
				INFOPLIST_FILE = ScavengeTests/Info.plist;
				LD_RUNPATH_SEARCH_PATHS = "$(inherited) @executable_path/Frameworks @loader_path/Frameworks";
				PRODUCT_BUNDLE_IDENTIFIER = com.scavengeapp.ScavengeTests;
				PRODUCT_NAME = "$(TARGET_NAME)";
				TEST_HOST = "$(BUILT_PRODUCTS_DIR)/Scavenge.app/Scavenge";
			};
			name = Debug;
		};
		4E2277CB1D32D0D100E22436 /* Release */ = {
			isa = XCBuildConfiguration;
			buildSettings = {
				BUNDLE_LOADER = "$(TEST_HOST)";
				INFOPLIST_FILE = ScavengeTests/Info.plist;
				LD_RUNPATH_SEARCH_PATHS = "$(inherited) @executable_path/Frameworks @loader_path/Frameworks";
				PRODUCT_BUNDLE_IDENTIFIER = com.scavengeapp.ScavengeTests;
				PRODUCT_NAME = "$(TARGET_NAME)";
				TEST_HOST = "$(BUILT_PRODUCTS_DIR)/Scavenge.app/Scavenge";
			};
			name = Release;
		};
		4E2277CD1D32D0D100E22436 /* Debug */ = {
			isa = XCBuildConfiguration;
			buildSettings = {
				INFOPLIST_FILE = ScavengeUITests/Info.plist;
				LD_RUNPATH_SEARCH_PATHS = "$(inherited) @executable_path/Frameworks @loader_path/Frameworks";
				PRODUCT_BUNDLE_IDENTIFIER = com.scavengeapp.ScavengeUITests;
				PRODUCT_NAME = "$(TARGET_NAME)";
				TEST_TARGET_NAME = Scavenge;
			};
			name = Debug;
		};
		4E2277CE1D32D0D100E22436 /* Release */ = {
			isa = XCBuildConfiguration;
			buildSettings = {
				INFOPLIST_FILE = ScavengeUITests/Info.plist;
				LD_RUNPATH_SEARCH_PATHS = "$(inherited) @executable_path/Frameworks @loader_path/Frameworks";
				PRODUCT_BUNDLE_IDENTIFIER = com.scavengeapp.ScavengeUITests;
				PRODUCT_NAME = "$(TARGET_NAME)";
				TEST_TARGET_NAME = Scavenge;
			};
			name = Release;
		};
/* End XCBuildConfiguration section */

/* Begin XCConfigurationList section */
		4E2277961D32D0D100E22436 /* Build configuration list for PBXProject "Scavenge" */ = {
			isa = XCConfigurationList;
			buildConfigurations = (
				4E2277C41D32D0D100E22436 /* Debug */,
				4E2277C51D32D0D100E22436 /* Release */,
			);
			defaultConfigurationIsVisible = 0;
			defaultConfigurationName = Release;
		};
		4E2277C61D32D0D100E22436 /* Build configuration list for PBXNativeTarget "Scavenge" */ = {
			isa = XCConfigurationList;
			buildConfigurations = (
				4E2277C71D32D0D100E22436 /* Debug */,
				4E2277C81D32D0D100E22436 /* Release */,
			);
			defaultConfigurationIsVisible = 0;
			defaultConfigurationName = Release;
		};
		4E2277C91D32D0D100E22436 /* Build configuration list for PBXNativeTarget "ScavengeTests" */ = {
			isa = XCConfigurationList;
			buildConfigurations = (
				4E2277CA1D32D0D100E22436 /* Debug */,
				4E2277CB1D32D0D100E22436 /* Release */,
			);
			defaultConfigurationIsVisible = 0;
			defaultConfigurationName = Release;
		};
		4E2277CC1D32D0D100E22436 /* Build configuration list for PBXNativeTarget "ScavengeUITests" */ = {
			isa = XCConfigurationList;
			buildConfigurations = (
				4E2277CD1D32D0D100E22436 /* Debug */,
				4E2277CE1D32D0D100E22436 /* Release */,
			);
			defaultConfigurationIsVisible = 0;
			defaultConfigurationName = Release;
		};
/* End XCConfigurationList section */

/* Begin XCVersionGroup section */
		4E2277A51D32D0D100E22436 /* Scavenge.xcdatamodeld */ = {
			isa = XCVersionGroup;
			children = (
				4E2277A61D32D0D100E22436 /* Scavenge.xcdatamodel */,
			);
			currentVersion = 4E2277A61D32D0D100E22436 /* Scavenge.xcdatamodel */;
			path = Scavenge.xcdatamodeld;
			sourceTree = "<group>";
			versionGroupType = wrapper.xcdatamodel;
		};
/* End XCVersionGroup section */
	};
	rootObject = 4E2277931D32D0D100E22436 /* Project object */;
}
